
Microsoft Visual Studio Solution File, Format Version 12.00
# Visual Studio 15
VisualStudioVersion = 15.0.28307.539
MinimumVisualStudioVersion = 10.0.40219.1
Project("{FAE04EC0-301F-11D3-BF4B-00C04F79EFBC}") = "abc", "abc\abc.csproj", "{6617DA35-54D4-4B1B-9433-F522ACFB2C5F}"
EndProject
Global
	GlobalSection(SolutionConfigurationPlatforms) = preSolution
		Debug|Any CPU = Debug|Any CPU
		Release|Any CPU = Release|Any CPU
	EndGlobalSection
	GlobalSection(ProjectConfigurationPlatforms) = postSolution
		{6617DA35-54D4-4B1B-9433-F522ACFB2C5F}.Debug|Any CPU.ActiveCfg = Debug|Any CPU
		{6617DA35-54D4-4B1B-9433-F522ACFB2C5F}.Debug|Any CPU.Build.0 = Debug|Any CPU
		{6617DA35-54D4-4B1B-9433-F522ACFB2C5F}.Release|Any CPU.ActiveCfg = Release|Any CPU
		{6617DA35-54D4-4B1B-9433-F522ACFB2C5F}.Release|Any CPU.Build.0 = Release|Any CPU
	EndGlobalSection
	GlobalSection(SolutionProperties) = preSolution
		HideSolutionNode = FALSE
	EndGlobalSection
	GlobalSection(ExtensibilityGlobals) = postSolution
		SolutionGuid = {4F464F35-E5EA-4FEA-BACC-6D8AA9097EAA}
	EndGlobalSection
EndGlobal
